
Microsoft Visual Studio Solution File, Format Version 12.00
# Visual Studio Version 17
VisualStudioVersion = 17.0.31903.59
MinimumVisualStudioVersion = 10.0.40219.1
Project("{9A19103F-16F7-4668-BE54-9A1E7A4F7556}") = "Models", "Models\Models.csproj", "{8B40BC7B-EF57-40B4-B72A-8C0B77FB8602}"
EndProject
Project("{9A19103F-16F7-4668-BE54-9A1E7A4F7556}") = "GestBanque", "GestBanque\GestBanque.csproj", "{00AECD67-8BD0-4BF2-A065-DF284A53CC5D}"
EndProject
Project("{FAE04EC0-301F-11D3-BF4B-00C04F79EFBC}") = "TestGestBanque", "TestGestBanque\TestGestBanque.csproj", "{07C4CE91-18FE-43BD-A062-78C2A73D7FE4}"
EndProject
Global
	GlobalSection(SolutionConfigurationPlatforms) = preSolution
		Debug|Any CPU = Debug|Any CPU
		Release|Any CPU = Release|Any CPU
	EndGlobalSection
	GlobalSection(ProjectConfigurationPlatforms) = postSolution
		{8B40BC7B-EF57-40B4-B72A-8C0B77FB8602}.Debug|Any CPU.ActiveCfg = Debug|Any CPU
		{8B40BC7B-EF57-40B4-B72A-8C0B77FB8602}.Debug|Any CPU.Build.0 = Debug|Any CPU
		{8B40BC7B-EF57-40B4-B72A-8C0B77FB8602}.Release|Any CPU.ActiveCfg = Release|Any CPU
		{8B40BC7B-EF57-40B4-B72A-8C0B77FB8602}.Release|Any CPU.Build.0 = Release|Any CPU
		{00AECD67-8BD0-4BF2-A065-DF284A53CC5D}.Debug|Any CPU.ActiveCfg = Debug|Any CPU
		{00AECD67-8BD0-4BF2-A065-DF284A53CC5D}.Debug|Any CPU.Build.0 = Debug|Any CPU
		{00AECD67-8BD0-4BF2-A065-DF284A53CC5D}.Release|Any CPU.ActiveCfg = Release|Any CPU
		{00AECD67-8BD0-4BF2-A065-DF284A53CC5D}.Release|Any CPU.Build.0 = Release|Any CPU
		{07C4CE91-18FE-43BD-A062-78C2A73D7FE4}.Debug|Any CPU.ActiveCfg = Debug|Any CPU
		{07C4CE91-18FE-43BD-A062-78C2A73D7FE4}.Debug|Any CPU.Build.0 = Debug|Any CPU
		{07C4CE91-18FE-43BD-A062-78C2A73D7FE4}.Release|Any CPU.ActiveCfg = Release|Any CPU
		{07C4CE91-18FE-43BD-A062-78C2A73D7FE4}.Release|Any CPU.Build.0 = Release|Any CPU
	EndGlobalSection
	GlobalSection(SolutionProperties) = preSolution
		HideSolutionNode = FALSE
	EndGlobalSection
	GlobalSection(ExtensibilityGlobals) = postSolution
		SolutionGuid = {2D84DE9F-C15C-43B7-8CE1-0FB182274CBC}
	EndGlobalSection
EndGlobal
